
Microsoft Visual Studio Solution File, Format Version 12.00
# Visual Studio 15
VisualStudioVersion = 15.0.28010.2046
MinimumVisualStudioVersion = 10.0.40219.1
Project("{8BC9CEB8-8B4A-11D0-8D11-00A0C91BC942}") = "grille", "grille\grille.vcxproj", "{D4150E82-0A0F-4575-9C77-23D2A987B12F}"
EndProject
Global
	GlobalSection(SolutionConfigurationPlatforms) = preSolution
		Debug|x64 = Debug|x64
		Debug|x86 = Debug|x86
		Release|x64 = Release|x64
		Release|x86 = Release|x86
	EndGlobalSection
	GlobalSection(ProjectConfigurationPlatforms) = postSolution
		{D4150E82-0A0F-4575-9C77-23D2A987B12F}.Debug|x64.ActiveCfg = Debug|x64
		{D4150E82-0A0F-4575-9C77-23D2A987B12F}.Debug|x64.Build.0 = Debug|x64
		{D4150E82-0A0F-4575-9C77-23D2A987B12F}.Debug|x86.ActiveCfg = Debug|Win32
		{D4150E82-0A0F-4575-9C77-23D2A987B12F}.Debug|x86.Build.0 = Debug|Win32
		{D4150E82-0A0F-4575-9C77-23D2A987B12F}.Release|x64.ActiveCfg = Release|x64
		{D4150E82-0A0F-4575-9C77-23D2A987B12F}.Release|x64.Build.0 = Release|x64
		{D4150E82-0A0F-4575-9C77-23D2A987B12F}.Release|x86.ActiveCfg = Release|Win32
		{D4150E82-0A0F-4575-9C77-23D2A987B12F}.Release|x86.Build.0 = Release|Win32
	EndGlobalSection
	GlobalSection(SolutionProperties) = preSolution
		HideSolutionNode = FALSE
	EndGlobalSection
	GlobalSection(ExtensibilityGlobals) = postSolution
		SolutionGuid = {F5BAFCDC-9799-4060-A2A3-2F53948C38EF}
	EndGlobalSection
EndGlobal
